
Microsoft Visual Studio Solution File, Format Version 12.00
# Visual Studio Version 17
VisualStudioVersion = 17.12.35527.113 d17.12
MinimumVisualStudioVersion = 10.0.40219.1
Project("{FAE04EC0-301F-11D3-BF4B-00C04F79EFBC}") = "DemoProjectDBOperations", "DemoProjectDBOperations.csproj", "{F9B65459-012F-48B6-8B54-9F05D6F2727E}"
EndProject
Global
	GlobalSection(SolutionConfigurationPlatforms) = preSolution
		Debug|Any CPU = Debug|Any CPU
		Release|Any CPU = Release|Any CPU
	EndGlobalSection
	GlobalSection(ProjectConfigurationPlatforms) = postSolution
		{F9B65459-012F-48B6-8B54-9F05D6F2727E}.Debug|Any CPU.ActiveCfg = Debug|Any CPU
		{F9B65459-012F-48B6-8B54-9F05D6F2727E}.Debug|Any CPU.Build.0 = Debug|Any CPU
		{F9B65459-012F-48B6-8B54-9F05D6F2727E}.Release|Any CPU.ActiveCfg = Release|Any CPU
		{F9B65459-012F-48B6-8B54-9F05D6F2727E}.Release|Any CPU.Build.0 = Release|Any CPU
	EndGlobalSection
	GlobalSection(SolutionProperties) = preSolution
		HideSolutionNode = FALSE
	EndGlobalSection
EndGlobal
